
Microsoft Visual Studio Solution File, Format Version 12.00
# Visual Studio 2013
VisualStudioVersion = 12.0.40629.0
MinimumVisualStudioVersion = 10.0.40219.1
Project("{FAE04EC0-301F-11D3-BF4B-00C04F79EFBC}") = "BookServiceKnockoutJS", "BookServiceKnockoutJS\BookServiceKnockoutJS.csproj", "{C09246A9-E0C7-49E5-85BB-78D1B1659F2F}"
EndProject
Project("{FAE04EC0-301F-11D3-BF4B-00C04F79EFBC}") = "BookServiceKnockoutJS.Tests", "BookServiceKnockoutJS.Tests\BookServiceKnockoutJS.Tests.csproj", "{CA920442-26AC-4073-B0BD-BE74DC37F35E}"
EndProject
Global
	GlobalSection(SolutionConfigurationPlatforms) = preSolution
		Debug|Any CPU = Debug|Any CPU
		Release|Any CPU = Release|Any CPU
	EndGlobalSection
	GlobalSection(ProjectConfigurationPlatforms) = postSolution
		{C09246A9-E0C7-49E5-85BB-78D1B1659F2F}.Debug|Any CPU.ActiveCfg = Debug|Any CPU
		{C09246A9-E0C7-49E5-85BB-78D1B1659F2F}.Debug|Any CPU.Build.0 = Debug|Any CPU
		{C09246A9-E0C7-49E5-85BB-78D1B1659F2F}.Release|Any CPU.ActiveCfg = Release|Any CPU
		{C09246A9-E0C7-49E5-85BB-78D1B1659F2F}.Release|Any CPU.Build.0 = Release|Any CPU
		{CA920442-26AC-4073-B0BD-BE74DC37F35E}.Debug|Any CPU.ActiveCfg = Debug|Any CPU
		{CA920442-26AC-4073-B0BD-BE74DC37F35E}.Debug|Any CPU.Build.0 = Debug|Any CPU
		{CA920442-26AC-4073-B0BD-BE74DC37F35E}.Release|Any CPU.ActiveCfg = Release|Any CPU
		{CA920442-26AC-4073-B0BD-BE74DC37F35E}.Release|Any CPU.Build.0 = Release|Any CPU
	EndGlobalSection
	GlobalSection(SolutionProperties) = preSolution
		HideSolutionNode = FALSE
	EndGlobalSection
EndGlobal
